
Microsoft Visual Studio Solution File, Format Version 12.00
# Visual Studio Version 17
VisualStudioVersion = 17.14.36212.18 d17.14
MinimumVisualStudioVersion = 10.0.40219.1
Project("{FAE04EC0-301F-11D3-BF4B-00C04F79EFBC}") = "RasidSync", "RasidSync\RasidSync.csproj", "{7E607E54-416F-409D-B78E-9F41C5C74D4A}"
EndProject
Global
	GlobalSection(SolutionConfigurationPlatforms) = preSolution
		Debug|Any CPU = Debug|Any CPU
		Release|Any CPU = Release|Any CPU
	EndGlobalSection
	GlobalSection(ProjectConfigurationPlatforms) = postSolution
		{7E607E54-416F-409D-B78E-9F41C5C74D4A}.Debug|Any CPU.ActiveCfg = Debug|Any CPU
		{7E607E54-416F-409D-B78E-9F41C5C74D4A}.Debug|Any CPU.Build.0 = Debug|Any CPU
		{7E607E54-416F-409D-B78E-9F41C5C74D4A}.Release|Any CPU.ActiveCfg = Release|Any CPU
		{7E607E54-416F-409D-B78E-9F41C5C74D4A}.Release|Any CPU.Build.0 = Release|Any CPU
	EndGlobalSection
	GlobalSection(SolutionProperties) = preSolution
		HideSolutionNode = FALSE
	EndGlobalSection
	GlobalSection(ExtensibilityGlobals) = postSolution
		SolutionGuid = {2461EFF2-1D43-4A61-AB76-4FDEC9D1A02D}
	EndGlobalSection
EndGlobal
